
Microsoft Visual Studio Solution File, Format Version 12.00
# Visual Studio 15
VisualStudioVersion = 15.0.27130.2010
MinimumVisualStudioVersion = 10.0.40219.1
Project("{FAE04EC0-301F-11D3-BF4B-00C04F79EFBC}") = "carina-bot", "carina-bot\carina-bot.csproj", "{3B84CEDF-5D98-4D9B-A877-45FF716DB545}"
EndProject
Global
	GlobalSection(SolutionConfigurationPlatforms) = preSolution
		Debug|Any CPU = Debug|Any CPU
		Release|Any CPU = Release|Any CPU
	EndGlobalSection
	GlobalSection(ProjectConfigurationPlatforms) = postSolution
		{3B84CEDF-5D98-4D9B-A877-45FF716DB545}.Debug|Any CPU.ActiveCfg = Debug|Any CPU
		{3B84CEDF-5D98-4D9B-A877-45FF716DB545}.Debug|Any CPU.Build.0 = Debug|Any CPU
		{3B84CEDF-5D98-4D9B-A877-45FF716DB545}.Release|Any CPU.ActiveCfg = Release|Any CPU
		{3B84CEDF-5D98-4D9B-A877-45FF716DB545}.Release|Any CPU.Build.0 = Release|Any CPU
	EndGlobalSection
	GlobalSection(SolutionProperties) = preSolution
		HideSolutionNode = FALSE
	EndGlobalSection
	GlobalSection(ExtensibilityGlobals) = postSolution
		SolutionGuid = {FB5D84D9-FBAB-421B-8F84-EFC55F223997}
	EndGlobalSection
EndGlobal
